
Microsoft Visual Studio Solution File, Format Version 12.00
# Visual Studio 15
VisualStudioVersion = 15.0.28307.168
MinimumVisualStudioVersion = 10.0.40219.1
Project("{FAE04EC0-301F-11D3-BF4B-00C04F79EFBC}") = "IndexerExample3rdJan", "IndexerExample3rdJan.csproj", "{62A9F6FF-1991-4914-A637-686484913AE1}"
EndProject
Global
	GlobalSection(SolutionConfigurationPlatforms) = preSolution
		Debug|Any CPU = Debug|Any CPU
		Release|Any CPU = Release|Any CPU
	EndGlobalSection
	GlobalSection(ProjectConfigurationPlatforms) = postSolution
		{62A9F6FF-1991-4914-A637-686484913AE1}.Debug|Any CPU.ActiveCfg = Debug|Any CPU
		{62A9F6FF-1991-4914-A637-686484913AE1}.Debug|Any CPU.Build.0 = Debug|Any CPU
		{62A9F6FF-1991-4914-A637-686484913AE1}.Release|Any CPU.ActiveCfg = Release|Any CPU
		{62A9F6FF-1991-4914-A637-686484913AE1}.Release|Any CPU.Build.0 = Release|Any CPU
	EndGlobalSection
	GlobalSection(SolutionProperties) = preSolution
		HideSolutionNode = FALSE
	EndGlobalSection
	GlobalSection(ExtensibilityGlobals) = postSolution
		SolutionGuid = {B5B917EE-CBCD-4699-8B09-7BCDCCF1BE8B}
	EndGlobalSection
EndGlobal
